// !$*UTF8*$!
{
	archiveVersion = 1;
	classes = {
	};
	objectVersion = 55;
	objects = {

/* Begin PBXBuildFile section */
		E62EF5D02923DDDC004D2E74 /* AppDelegate.swift in Sources */ = {isa = PBXBuildFile; fileRef = E62EF5CF2923DDDC004D2E74 /* AppDelegate.swift */; };
		E62EF5D22923DDDC004D2E74 /* SceneDelegate.swift in Sources */ = {isa = PBXBuildFile; fileRef = E62EF5D12923DDDC004D2E74 /* SceneDelegate.swift */; };
		E62EF5D92923DDDD004D2E74 /* Assets.xcassets in Resources */ = {isa = PBXBuildFile; fileRef = E62EF5D82923DDDD004D2E74 /* Assets.xcassets */; };
		E62EF5DC2923DDDD004D2E74 /* LaunchScreen.storyboard in Resources */ = {isa = PBXBuildFile; fileRef = E62EF5DA2923DDDD004D2E74 /* LaunchScreen.storyboard */; };
		E62EF5E72923DDDE004D2E74 /* PercentageTEAnpTests.swift in Sources */ = {isa = PBXBuildFile; fileRef = E62EF5E62923DDDE004D2E74 /* PercentageTEAnpTests.swift */; };
		E62EF5F12923DDDE004D2E74 /* PercentageTEAnpUITests.swift in Sources */ = {isa = PBXBuildFile; fileRef = E62EF5F02923DDDE004D2E74 /* PercentageTEAnpUITests.swift */; };
		E62EF5F32923DDDE004D2E74 /* PercentageTEAnpUITestsLaunchTests.swift in Sources */ = {isa = PBXBuildFile; fileRef = E62EF5F22923DDDE004D2E74 /* PercentageTEAnpUITestsLaunchTests.swift */; };
		E62EF6032923DE7C004D2E74 /* CalculatorViewController.swift in Sources */ = {isa = PBXBuildFile; fileRef = E62EF6022923DE7C004D2E74 /* CalculatorViewController.swift */; };
		E62EF6052923DEC1004D2E74 /* ResultsViewController.swift in Sources */ = {isa = PBXBuildFile; fileRef = E62EF6042923DEC1004D2E74 /* ResultsViewController.swift */; };
		E62EF6072923DEE7004D2E74 /* Main.storyboard in Resources */ = {isa = PBXBuildFile; fileRef = E62EF6062923DEE7004D2E74 /* Main.storyboard */; };
/* End PBXBuildFile section */

/* Begin PBXContainerItemProxy section */
		E62EF5E32923DDDE004D2E74 /* PBXContainerItemProxy */ = {
			isa = PBXContainerItemProxy;
			containerPortal = E62EF5C42923DDDC004D2E74 /* Project object */;
			proxyType = 1;
			remoteGlobalIDString = E62EF5CB2923DDDC004D2E74;
			remoteInfo = PercentageTEAnp;
		};
		E62EF5ED2923DDDE004D2E74 /* PBXContainerItemProxy */ = {
			isa = PBXContainerItemProxy;
			containerPortal = E62EF5C42923DDDC004D2E74 /* Project object */;
			proxyType = 1;
			remoteGlobalIDString = E62EF5CB2923DDDC004D2E74;
			remoteInfo = PercentageTEAnp;
		};
/* End PBXContainerItemProxy section */

/* Begin PBXFileReference section */
		E62EF5CC2923DDDC004D2E74 /* PercentageTEAnp.app */ = {isa = PBXFileReference; explicitFileType = wrapper.application; includeInIndex = 0; path = PercentageTEAnp.app; sourceTree = BUILT_PRODUCTS_DIR; };
		E62EF5CF2923DDDC004D2E74 /* AppDelegate.swift */ = {isa = PBXFileReference; lastKnownFileType = sourcecode.swift; path = AppDelegate.swift; sourceTree = "<group>"; };
		E62EF5D12923DDDC004D2E74 /* SceneDelegate.swift */ = {isa = PBXFileReference; lastKnownFileType = sourcecode.swift; path = SceneDelegate.swift; sourceTree = "<group>"; };
		E62EF5D82923DDDD004D2E74 /* Assets.xcassets */ = {isa = PBXFileReference; lastKnownFileType = folder.assetcatalog; path = Assets.xcassets; sourceTree = "<group>"; };
		E62EF5DB2923DDDD004D2E74 /* Base */ = {isa = PBXFileReference; lastKnownFileType = file.storyboard; name = Base; path = Base.lproj/LaunchScreen.storyboard; sourceTree = "<group>"; };
		E62EF5DD2923DDDD004D2E74 /* Info.plist */ = {isa = PBXFileReference; lastKnownFileType = text.plist.xml; path = Info.plist; sourceTree = "<group>"; };
		E62EF5E22923DDDE004D2E74 /* PercentageTEAnpTests.xctest */ = {isa = PBXFileReference; explicitFileType = wrapper.cfbundle; includeInIndex = 0; path = PercentageTEAnpTests.xctest; sourceTree = BUILT_PRODUCTS_DIR; };
		E62EF5E62923DDDE004D2E74 /* PercentageTEAnpTests.swift */ = {isa = PBXFileReference; lastKnownFileType = sourcecode.swift; path = PercentageTEAnpTests.swift; sourceTree = "<group>"; };
		E62EF5EC2923DDDE004D2E74 /* PercentageTEAnpUITests.xctest */ = {isa = PBXFileReference; explicitFileType = wrapper.cfbundle; includeInIndex = 0; path = PercentageTEAnpUITests.xctest; sourceTree = BUILT_PRODUCTS_DIR; };
		E62EF5F02923DDDE004D2E74 /* PercentageTEAnpUITests.swift */ = {isa = PBXFileReference; lastKnownFileType = sourcecode.swift; path = PercentageTEAnpUITests.swift; sourceTree = "<group>"; };
		E62EF5F22923DDDE004D2E74 /* PercentageTEAnpUITestsLaunchTests.swift */ = {isa = PBXFileReference; lastKnownFileType = sourcecode.swift; path = PercentageTEAnpUITestsLaunchTests.swift; sourceTree = "<group>"; };
		E62EF6022923DE7C004D2E74 /* CalculatorViewController.swift */ = {isa = PBXFileReference; lastKnownFileType = sourcecode.swift; path = CalculatorViewController.swift; sourceTree = "<group>"; };
		E62EF6042923DEC1004D2E74 /* ResultsViewController.swift */ = {isa = PBXFileReference; lastKnownFileType = sourcecode.swift; path = ResultsViewController.swift; sourceTree = "<group>"; };
		E62EF6062923DEE7004D2E74 /* Main.storyboard */ = {isa = PBXFileReference; fileEncoding = 4; lastKnownFileType = file.storyboard; path = Main.storyboard; sourceTree = "<group>"; };
/* End PBXFileReference section */

/* Begin PBXFrameworksBuildPhase section */
		E62EF5C92923DDDC004D2E74 /* Frameworks */ = {
			isa = PBXFrameworksBuildPhase;
			buildActionMask = 2147483647;
			files = (
			);
			runOnlyForDeploymentPostprocessing = 0;
		};
		E62EF5DF2923DDDE004D2E74 /* Frameworks */ = {
			isa = PBXFrameworksBuildPhase;
			buildActionMask = 2147483647;
			files = (
			);
			runOnlyForDeploymentPostprocessing = 0;
		};
		E62EF5E92923DDDE004D2E74 /* Frameworks */ = {
			isa = PBXFrameworksBuildPhase;
			buildActionMask = 2147483647;
			files = (
			);
			runOnlyForDeploymentPostprocessing = 0;
		};
/* End PBXFrameworksBuildPhase section */

/* Begin PBXGroup section */
		E62EF5C32923DDDC004D2E74 = {
			isa = PBXGroup;
			children = (
				E62EF5CE2923DDDC004D2E74 /* PercentageTEAnp */,
				E62EF5E52923DDDE004D2E74 /* PercentageTEAnpTests */,
				E62EF5EF2923DDDE004D2E74 /* PercentageTEAnpUITests */,
				E62EF5CD2923DDDC004D2E74 /* Products */,
			);
			sourceTree = "<group>";
		};
		E62EF5CD2923DDDC004D2E74 /* Products */ = {
			isa = PBXGroup;
			children = (
				E62EF5CC2923DDDC004D2E74 /* PercentageTEAnp.app */,
				E62EF5E22923DDDE004D2E74 /* PercentageTEAnpTests.xctest */,
				E62EF5EC2923DDDE004D2E74 /* PercentageTEAnpUITests.xctest */,
			);
			name = Products;
			sourceTree = "<group>";
		};
		E62EF5CE2923DDDC004D2E74 /* PercentageTEAnp */ = {
			isa = PBXGroup;
			children = (
				E62EF5CF2923DDDC004D2E74 /* AppDelegate.swift */,
				E62EF5D12923DDDC004D2E74 /* SceneDelegate.swift */,
				E62EF6012923DE50004D2E74 /* Controllers */,
				E62EF5D82923DDDD004D2E74 /* Assets.xcassets */,
				E62EF5DA2923DDDD004D2E74 /* LaunchScreen.storyboard */,
				E62EF5DD2923DDDD004D2E74 /* Info.plist */,
			);
			path = PercentageTEAnp;
			sourceTree = "<group>";
		};
		E62EF5E52923DDDE004D2E74 /* PercentageTEAnpTests */ = {
			isa = PBXGroup;
			children = (
				E62EF5E62923DDDE004D2E74 /* PercentageTEAnpTests.swift */,
			);
			path = PercentageTEAnpTests;
			sourceTree = "<group>";
		};
		E62EF5EF2923DDDE004D2E74 /* PercentageTEAnpUITests */ = {
			isa = PBXGroup;
			children = (
				E62EF5F02923DDDE004D2E74 /* PercentageTEAnpUITests.swift */,
				E62EF5F22923DDDE004D2E74 /* PercentageTEAnpUITestsLaunchTests.swift */,
			);
			path = PercentageTEAnpUITests;
			sourceTree = "<group>";
		};
		E62EF6012923DE50004D2E74 /* Controllers */ = {
			isa = PBXGroup;
			children = (
				E62EF6022923DE7C004D2E74 /* CalculatorViewController.swift */,
				E62EF6042923DEC1004D2E74 /* ResultsViewController.swift */,
				E62EF6062923DEE7004D2E74 /* Main.storyboard */,
			);
			path = Controllers;
			sourceTree = "<group>";
		};
/* End PBXGroup section */

/* Begin PBXNativeTarget section */
		E62EF5CB2923DDDC004D2E74 /* PercentageTEAnp */ = {
			isa = PBXNativeTarget;
			buildConfigurationList = E62EF5F62923DDDE004D2E74 /* Build configuration list for PBXNativeTarget "PercentageTEAnp" */;
			buildPhases = (
				E62EF5C82923DDDC004D2E74 /* Sources */,
				E62EF5C92923DDDC004D2E74 /* Frameworks */,
				E62EF5CA2923DDDC004D2E74 /* Resources */,
			);
			buildRules = (
			);
			dependencies = (
			);
			name = PercentageTEAnp;
			productName = PercentageTEAnp;
			productReference = E62EF5CC2923DDDC004D2E74 /* PercentageTEAnp.app */;
			productType = "com.apple.product-type.application";
		};
		E62EF5E12923DDDE004D2E74 /* PercentageTEAnpTests */ = {
			isa = PBXNativeTarget;
			buildConfigurationList = E62EF5F92923DDDE004D2E74 /* Build configuration list for PBXNativeTarget "PercentageTEAnpTests" */;
			buildPhases = (
				E62EF5DE2923DDDE004D2E74 /* Sources */,
				E62EF5DF2923DDDE004D2E74 /* Frameworks */,
				E62EF5E02923DDDE004D2E74 /* Resources */,
			);
			buildRules = (
			);
			dependencies = (
				E62EF5E42923DDDE004D2E74 /* PBXTargetDependency */,
			);
			name = PercentageTEAnpTests;
			productName = PercentageTEAnpTests;
			productReference = E62EF5E22923DDDE004D2E74 /* PercentageTEAnpTests.xctest */;
			productType = "com.apple.product-type.bundle.unit-test";
		};
		E62EF5EB2923DDDE004D2E74 /* PercentageTEAnpUITests */ = {
			isa = PBXNativeTarget;
			buildConfigurationList = E62EF5FC2923DDDE004D2E74 /* Build configuration list for PBXNativeTarget "PercentageTEAnpUITests" */;
			buildPhases = (
				E62EF5E82923DDDE004D2E74 /* Sources */,
				E62EF5E92923DDDE004D2E74 /* Frameworks */,
				E62EF5EA2923DDDE004D2E74 /* Resources */,
			);
			buildRules = (
			);
			dependencies = (
				E62EF5EE2923DDDE004D2E74 /* PBXTargetDependency */,
			);
			name = PercentageTEAnpUITests;
			productName = PercentageTEAnpUITests;
			productReference = E62EF5EC2923DDDE004D2E74 /* PercentageTEAnpUITests.xctest */;
			productType = "com.apple.product-type.bundle.ui-testing";
		};
/* End PBXNativeTarget section */

/* Begin PBXProject section */
		E62EF5C42923DDDC004D2E74 /* Project object */ = {
			isa = PBXProject;
			attributes = {
				BuildIndependentTargetsInParallel = 1;
				LastSwiftUpdateCheck = 1310;
				LastUpgradeCheck = 1310;
				TargetAttributes = {
					E62EF5CB2923DDDC004D2E74 = {
						CreatedOnToolsVersion = 13.1;
					};
					E62EF5E12923DDDE004D2E74 = {
						CreatedOnToolsVersion = 13.1;
						TestTargetID = E62EF5CB2923DDDC004D2E74;
					};
					E62EF5EB2923DDDE004D2E74 = {
						CreatedOnToolsVersion = 13.1;
						TestTargetID = E62EF5CB2923DDDC004D2E74;
					};
				};
			};
			buildConfigurationList = E62EF5C72923DDDC004D2E74 /* Build configuration list for PBXProject "PercentageTEAnp" */;
			compatibilityVersion = "Xcode 13.0";
			developmentRegion = en;
			hasScannedForEncodings = 0;
			knownRegions = (
				en,
				Base,
			);
			mainGroup = E62EF5C32923DDDC004D2E74;
			productRefGroup = E62EF5CD2923DDDC004D2E74 /* Products */;
			projectDirPath = "";
			projectRoot = "";
			targets = (
				E62EF5CB2923DDDC004D2E74 /* PercentageTEAnp */,
				E62EF5E12923DDDE004D2E74 /* PercentageTEAnpTests */,
				E62EF5EB2923DDDE004D2E74 /* PercentageTEAnpUITests */,
			);
		};
/* End PBXProject section */

/* Begin PBXResourcesBuildPhase section */
		E62EF5CA2923DDDC004D2E74 /* Resources */ = {
			isa = PBXResourcesBuildPhase;
			buildActionMask = 2147483647;
			files = (
				E62EF6072923DEE7004D2E74 /* Main.storyboard in Resources */,
				E62EF5DC2923DDDD004D2E74 /* LaunchScreen.storyboard in Resources */,
				E62EF5D92923DDDD004D2E74 /* Assets.xcassets in Resources */,
			);
			runOnlyForDeploymentPostprocessing = 0;
		};
		E62EF5E02923DDDE004D2E74 /* Resources */ = {
			isa = PBXResourcesBuildPhase;
			buildActionMask = 2147483647;
			files = (
			);
			runOnlyForDeploymentPostprocessing = 0;
		};
		E62EF5EA2923DDDE004D2E74 /* Resources */ = {
			isa = PBXResourcesBuildPhase;
			buildActionMask = 2147483647;
			files = (
			);
			runOnlyForDeploymentPostprocessing = 0;
		};
/* End PBXResourcesBuildPhase section */

/* Begin PBXSourcesBuildPhase section */
		E62EF5C82923DDDC004D2E74 /* Sources */ = {
			isa = PBXSourcesBuildPhase;
			buildActionMask = 2147483647;
			files = (
				E62EF5D02923DDDC004D2E74 /* AppDelegate.swift in Sources */,
				E62EF6032923DE7C004D2E74 /* CalculatorViewController.swift in Sources */,
				E62EF6052923DEC1004D2E74 /* ResultsViewController.swift in Sources */,
				E62EF5D22923DDDC004D2E74 /* SceneDelegate.swift in Sources */,
			);
			runOnlyForDeploymentPostprocessing = 0;
		};
		E62EF5DE2923DDDE004D2E74 /* Sources */ = {
			isa = PBXSourcesBuildPhase;
			buildActionMask = 2147483647;
			files = (
				E62EF5E72923DDDE004D2E74 /* PercentageTEAnpTests.swift in Sources */,
			);
			runOnlyForDeploymentPostprocessing = 0;
		};
		E62EF5E82923DDDE004D2E74 /* Sources */ = {
			isa = PBXSourcesBuildPhase;
			buildActionMask = 2147483647;
			files = (
				E62EF5F12923DDDE004D2E74 /* PercentageTEAnpUITests.swift in Sources */,
				E62EF5F32923DDDE004D2E74 /* PercentageTEAnpUITestsLaunchTests.swift in Sources */,
			);
			runOnlyForDeploymentPostprocessing = 0;
		};
/* End PBXSourcesBuildPhase section */

/* Begin PBXTargetDependency section */
		E62EF5E42923DDDE004D2E74 /* PBXTargetDependency */ = {
			isa = PBXTargetDependency;
			target = E62EF5CB2923DDDC004D2E74 /* PercentageTEAnp */;
			targetProxy = E62EF5E32923DDDE004D2E74 /* PBXContainerItemProxy */;
		};
		E62EF5EE2923DDDE004D2E74 /* PBXTargetDependency */ = {
			isa = PBXTargetDependency;
			target = E62EF5CB2923DDDC004D2E74 /* PercentageTEAnp */;
			targetProxy = E62EF5ED2923DDDE004D2E74 /* PBXContainerItemProxy */;
		};
/* End PBXTargetDependency section */

/* Begin PBXVariantGroup section */
		E62EF5DA2923DDDD004D2E74 /* LaunchScreen.storyboard */ = {
			isa = PBXVariantGroup;
			children = (
				E62EF5DB2923DDDD004D2E74 /* Base */,
			);
			name = LaunchScreen.storyboard;
			sourceTree = "<group>";
		};
/* End PBXVariantGroup section */

/* Begin XCBuildConfiguration section */
		E62EF5F42923DDDE004D2E74 /* Debug */ = {
			isa = XCBuildConfiguration;
			buildSettings = {
				ALWAYS_SEARCH_USER_PATHS = NO;
				CLANG_ANALYZER_NONNULL = YES;
				CLANG_ANALYZER_NUMBER_OBJECT_CONVERSION = YES_AGGRESSIVE;
				CLANG_CXX_LANGUAGE_STANDARD = "gnu++17";
				CLANG_CXX_LIBRARY = "libc++";
				CLANG_ENABLE_MODULES = YES;
				CLANG_ENABLE_OBJC_ARC = YES;
				CLANG_ENABLE_OBJC_WEAK = YES;
				CLANG_WARN_BLOCK_CAPTURE_AUTORELEASING = YES;
				CLANG_WARN_BOOL_CONVERSION = YES;
				CLANG_WARN_COMMA = YES;
				CLANG_WARN_CONSTANT_CONVERSION = YES;
				CLANG_WARN_DEPRECATED_OBJC_IMPLEMENTATIONS = YES;
				CLANG_WARN_DIRECT_OBJC_ISA_USAGE = YES_ERROR;
				CLANG_WARN_DOCUMENTATION_COMMENTS = YES;
				CLANG_WARN_EMPTY_BODY = YES;
				CLANG_WARN_ENUM_CONVERSION = YES;
				CLANG_WARN_INFINITE_RECURSION = YES;
				CLANG_WARN_INT_CONVERSION = YES;
				CLANG_WARN_NON_LITERAL_NULL_CONVERSION = YES;
				CLANG_WARN_OBJC_IMPLICIT_RETAIN_SELF = YES;
				CLANG_WARN_OBJC_LITERAL_CONVERSION = YES;
				CLANG_WARN_OBJC_ROOT_CLASS = YES_ERROR;
				CLANG_WARN_QUOTED_INCLUDE_IN_FRAMEWORK_HEADER = YES;
				CLANG_WARN_RANGE_LOOP_ANALYSIS = YES;
				CLANG_WARN_STRICT_PROTOTYPES = YES;
				CLANG_WARN_SUSPICIOUS_MOVE = YES;
				CLANG_WARN_UNGUARDED_AVAILABILITY = YES_AGGRESSIVE;
				CLANG_WARN_UNREACHABLE_CODE = YES;
				CLANG_WARN__DUPLICATE_METHOD_MATCH = YES;
				COPY_PHASE_STRIP = NO;
				DEBUG_INFORMATION_FORMAT = dwarf;
				ENABLE_STRICT_OBJC_MSGSEND = YES;
				ENABLE_TESTABILITY = YES;
				GCC_C_LANGUAGE_STANDARD = gnu11;
				GCC_DYNAMIC_NO_PIC = NO;
				GCC_NO_COMMON_BLOCKS = YES;
				GCC_OPTIMIZATION_LEVEL = 0;
				GCC_PREPROCESSOR_DEFINITIONS = (
					"DEBUG=1",
					"$(inherited)",
				);
				GCC_WARN_64_TO_32_BIT_CONVERSION = YES;
				GCC_WARN_ABOUT_RETURN_TYPE = YES_ERROR;
				GCC_WARN_UNDECLARED_SELECTOR = YES;
				GCC_WARN_UNINITIALIZED_AUTOS = YES_AGGRESSIVE;
				GCC_WARN_UNUSED_FUNCTION = YES;
				GCC_WARN_UNUSED_VARIABLE = YES;
				IPHONEOS_DEPLOYMENT_TARGET = 15.0;
				MTL_ENABLE_DEBUG_INFO = INCLUDE_SOURCE;
				MTL_FAST_MATH = YES;
				ONLY_ACTIVE_ARCH = YES;
				SDKROOT = iphoneos;
				SWIFT_ACTIVE_COMPILATION_CONDITIONS = DEBUG;
				SWIFT_OPTIMIZATION_LEVEL = "-Onone";
			};
			name = Debug;
		};
		E62EF5F52923DDDE004D2E74 /* Release */ = {
			isa = XCBuildConfiguration;
			buildSettings = {
				ALWAYS_SEARCH_USER_PATHS = NO;
				CLANG_ANALYZER_NONNULL = YES;
				CLANG_ANALYZER_NUMBER_OBJECT_CONVERSION = YES_AGGRESSIVE;
				CLANG_CXX_LANGUAGE_STANDARD = "gnu++17";
				CLANG_CXX_LIBRARY = "libc++";
				CLANG_ENABLE_MODULES = YES;
				CLANG_ENABLE_OBJC_ARC = YES;
				CLANG_ENABLE_OBJC_WEAK = YES;
				CLANG_WARN_BLOCK_CAPTURE_AUTORELEASING = YES;
				CLANG_WARN_BOOL_CONVERSION = YES;
				CLANG_WARN_COMMA = YES;
				CLANG_WARN_CONSTANT_CONVERSION = YES;
				CLANG_WARN_DEPRECATED_OBJC_IMPLEMENTATIONS = YES;
				CLANG_WARN_DIRECT_OBJC_ISA_USAGE = YES_ERROR;
				CLANG_WARN_DOCUMENTATION_COMMENTS = YES;
				CLANG_WARN_EMPTY_BODY = YES;
				CLANG_WARN_ENUM_CONVERSION = YES;
				CLANG_WARN_INFINITE_RECURSION = YES;
				CLANG_WARN_INT_CONVERSION = YES;
				CLANG_WARN_NON_LITERAL_NULL_CONVERSION = YES;
				CLANG_WARN_OBJC_IMPLICIT_RETAIN_SELF = YES;
				CLANG_WARN_OBJC_LITERAL_CONVERSION = YES;
				CLANG_WARN_OBJC_ROOT_CLASS = YES_ERROR;
				CLANG_WARN_QUOTED_INCLUDE_IN_FRAMEWORK_HEADER = YES;
				CLANG_WARN_RANGE_LOOP_ANALYSIS = YES;
				CLANG_WARN_STRICT_PROTOTYPES = YES;
				CLANG_WARN_SUSPICIOUS_MOVE = YES;
				CLANG_WARN_UNGUARDED_AVAILABILITY = YES_AGGRESSIVE;
				CLANG_WARN_UNREACHABLE_CODE = YES;
				CLANG_WARN__DUPLICATE_METHOD_MATCH = YES;
				COPY_PHASE_STRIP = NO;
				DEBUG_INFORMATION_FORMAT = "dwarf-with-dsym";
				ENABLE_NS_ASSERTIONS = NO;
				ENABLE_STRICT_OBJC_MSGSEND = YES;
				GCC_C_LANGUAGE_STANDARD = gnu11;
				GCC_NO_COMMON_BLOCKS = YES;
				GCC_WARN_64_TO_32_BIT_CONVERSION = YES;
				GCC_WARN_ABOUT_RETURN_TYPE = YES_ERROR;
				GCC_WARN_UNDECLARED_SELECTOR = YES;
				GCC_WARN_UNINITIALIZED_AUTOS = YES_AGGRESSIVE;
				GCC_WARN_UNUSED_FUNCTION = YES;
				GCC_WARN_UNUSED_VARIABLE = YES;
				IPHONEOS_DEPLOYMENT_TARGET = 15.0;
				MTL_ENABLE_DEBUG_INFO = NO;
				MTL_FAST_MATH = YES;
				SDKROOT = iphoneos;
				SWIFT_COMPILATION_MODE = wholemodule;
				SWIFT_OPTIMIZATION_LEVEL = "-O";
				VALIDATE_PRODUCT = YES;
			};
			name = Release;
		};
		E62EF5F72923DDDE004D2E74 /* Debug */ = {
			isa = XCBuildConfiguration;
			buildSettings = {
				ASSETCATALOG_COMPILER_APPICON_NAME = AppIcon;
				ASSETCATALOG_COMPILER_GLOBAL_ACCENT_COLOR_NAME = AccentColor;
				CODE_SIGN_STYLE = Automatic;
				CURRENT_PROJECT_VERSION = 1;
				DEVELOPMENT_TEAM = 2TWLJ4FYQ3;
				GENERATE_INFOPLIST_FILE = YES;
				INFOPLIST_FILE = PercentageTEAnp/Info.plist;
				INFOPLIST_KEY_UIApplicationSupportsIndirectInputEvents = YES;
				INFOPLIST_KEY_UILaunchStoryboardName = LaunchScreen;
				INFOPLIST_KEY_UIMainStoryboardFile = Main;
				INFOPLIST_KEY_UISupportedInterfaceOrientations_iPad = "UIInterfaceOrientationPortrait UIInterfaceOrientationPortraitUpsideDown UIInterfaceOrientationLandscapeLeft UIInterfaceOrientationLandscapeRight";
				INFOPLIST_KEY_UISupportedInterfaceOrientations_iPhone = "UIInterfaceOrientationPortrait UIInterfaceOrientationLandscapeLeft UIInterfaceOrientationLandscapeRight";
				LD_RUNPATH_SEARCH_PATHS = (
					"$(inherited)",
					"@executable_path/Frameworks",
				);
				MARKETING_VERSION = 1.0;
				PRODUCT_BUNDLE_IDENTIFIER = "Dmitrii-kondratiev.PercentageTEAnp";
				PRODUCT_NAME = "$(TARGET_NAME)";
				SWIFT_EMIT_LOC_STRINGS = YES;
				SWIFT_VERSION = 5.0;
				TARGETED_DEVICE_FAMILY = "1,2";
			};
			name = Debug;
		};
		E62EF5F82923DDDE004D2E74 /* Release */ = {
			isa = XCBuildConfiguration;
			buildSettings = {
				ASSETCATALOG_COMPILER_APPICON_NAME = AppIcon;
				ASSETCATALOG_COMPILER_GLOBAL_ACCENT_COLOR_NAME = AccentColor;
				CODE_SIGN_STYLE = Automatic;
				CURRENT_PROJECT_VERSION = 1;
				DEVELOPMENT_TEAM = 2TWLJ4FYQ3;
				GENERATE_INFOPLIST_FILE = YES;
				INFOPLIST_FILE = PercentageTEAnp/Info.plist;
				INFOPLIST_KEY_UIApplicationSupportsIndirectInputEvents = YES;
				INFOPLIST_KEY_UILaunchStoryboardName = LaunchScreen;
				INFOPLIST_KEY_UIMainStoryboardFile = Main;
				INFOPLIST_KEY_UISupportedInterfaceOrientations_iPad = "UIInterfaceOrientationPortrait UIInterfaceOrientationPortraitUpsideDown UIInterfaceOrientationLandscapeLeft UIInterfaceOrientationLandscapeRight";
				INFOPLIST_KEY_UISupportedInterfaceOrientations_iPhone = "UIInterfaceOrientationPortrait UIInterfaceOrientationLandscapeLeft UIInterfaceOrientationLandscapeRight";
				LD_RUNPATH_SEARCH_PATHS = (
					"$(inherited)",
					"@executable_path/Frameworks",
				);
				MARKETING_VERSION = 1.0;
				PRODUCT_BUNDLE_IDENTIFIER = "Dmitrii-kondratiev.PercentageTEAnp";
				PRODUCT_NAME = "$(TARGET_NAME)";
				SWIFT_EMIT_LOC_STRINGS = YES;
				SWIFT_VERSION = 5.0;
				TARGETED_DEVICE_FAMILY = "1,2";
			};
			name = Release;
		};
		E62EF5FA2923DDDE004D2E74 /* Debug */ = {
			isa = XCBuildConfiguration;
			buildSettings = {
				ALWAYS_EMBED_SWIFT_STANDARD_LIBRARIES = YES;
				BUNDLE_LOADER = "$(TEST_HOST)";
				CODE_SIGN_STYLE = Automatic;
				CURRENT_PROJECT_VERSION = 1;
				DEVELOPMENT_TEAM = 2TWLJ4FYQ3;
				GENERATE_INFOPLIST_FILE = YES;
				IPHONEOS_DEPLOYMENT_TARGET = 15.0;
				LD_RUNPATH_SEARCH_PATHS = (
					"$(inherited)",
					"@executable_path/Frameworks",
					"@loader_path/Frameworks",
				);
				MARKETING_VERSION = 1.0;
				PRODUCT_BUNDLE_IDENTIFIER = "Dmitrii-kondratiev.PercentageTEAnpTests";
				PRODUCT_NAME = "$(TARGET_NAME)";
				SWIFT_EMIT_LOC_STRINGS = NO;
				SWIFT_VERSION = 5.0;
				TARGETED_DEVICE_FAMILY = "1,2";
				TEST_HOST = "$(BUILT_PRODUCTS_DIR)/PercentageTEAnp.app/PercentageTEAnp";
			};
			name = Debug;
		};
		E62EF5FB2923DDDE004D2E74 /* Release */ = {
			isa = XCBuildConfiguration;
			buildSettings = {
				ALWAYS_EMBED_SWIFT_STANDARD_LIBRARIES = YES;
				BUNDLE_LOADER = "$(TEST_HOST)";
				CODE_SIGN_STYLE = Automatic;
				CURRENT_PROJECT_VERSION = 1;
				DEVELOPMENT_TEAM = 2TWLJ4FYQ3;
				GENERATE_INFOPLIST_FILE = YES;
				IPHONEOS_DEPLOYMENT_TARGET = 15.0;
				LD_RUNPATH_SEARCH_PATHS = (
					"$(inherited)",
					"@executable_path/Frameworks",
					"@loader_path/Frameworks",
				);
				MARKETING_VERSION = 1.0;
				PRODUCT_BUNDLE_IDENTIFIER = "Dmitrii-kondratiev.PercentageTEAnpTests";
				PRODUCT_NAME = "$(TARGET_NAME)";
				SWIFT_EMIT_LOC_STRINGS = NO;
				SWIFT_VERSION = 5.0;
				TARGETED_DEVICE_FAMILY = "1,2";
				TEST_HOST = "$(BUILT_PRODUCTS_DIR)/PercentageTEAnp.app/PercentageTEAnp";
			};
			name = Release;
		};
		E62EF5FD2923DDDE004D2E74 /* Debug */ = {
			isa = XCBuildConfiguration;
			buildSettings = {
				ALWAYS_EMBED_SWIFT_STANDARD_LIBRARIES = YES;
				CODE_SIGN_STYLE = Automatic;
				CURRENT_PROJECT_VERSION = 1;
				DEVELOPMENT_TEAM = 2TWLJ4FYQ3;
				GENERATE_INFOPLIST_FILE = YES;
				LD_RUNPATH_SEARCH_PATHS = (
					"$(inherited)",
					"@executable_path/Frameworks",
					"@loader_path/Frameworks",
				);
				MARKETING_VERSION = 1.0;
				PRODUCT_BUNDLE_IDENTIFIER = "Dmitrii-kondratiev.PercentageTEAnpUITests";
				PRODUCT_NAME = "$(TARGET_NAME)";
				SWIFT_EMIT_LOC_STRINGS = NO;
				SWIFT_VERSION = 5.0;
				TARGETED_DEVICE_FAMILY = "1,2";
				TEST_TARGET_NAME = PercentageTEAnp;
			};
			name = Debug;
		};
		E62EF5FE2923DDDE004D2E74 /* Release */ = {
			isa = XCBuildConfiguration;
			buildSettings = {
				ALWAYS_EMBED_SWIFT_STANDARD_LIBRARIES = YES;
				CODE_SIGN_STYLE = Automatic;
				CURRENT_PROJECT_VERSION = 1;
				DEVELOPMENT_TEAM = 2TWLJ4FYQ3;
				GENERATE_INFOPLIST_FILE = YES;
				LD_RUNPATH_SEARCH_PATHS = (
					"$(inherited)",
					"@executable_path/Frameworks",
					"@loader_path/Frameworks",
				);
				MARKETING_VERSION = 1.0;
				PRODUCT_BUNDLE_IDENTIFIER = "Dmitrii-kondratiev.PercentageTEAnpUITests";
				PRODUCT_NAME = "$(TARGET_NAME)";
				SWIFT_EMIT_LOC_STRINGS = NO;
				SWIFT_VERSION = 5.0;
				TARGETED_DEVICE_FAMILY = "1,2";
				TEST_TARGET_NAME = PercentageTEAnp;
			};
			name = Release;
		};
/* End XCBuildConfiguration section */

/* Begin XCConfigurationList section */
		E62EF5C72923DDDC004D2E74 /* Build configuration list for PBXProject "PercentageTEAnp" */ = {
			isa = XCConfigurationList;
			buildConfigurations = (
				E62EF5F42923DDDE004D2E74 /* Debug */,
				E62EF5F52923DDDE004D2E74 /* Release */,
			);
			defaultConfigurationIsVisible = 0;
			defaultConfigurationName = Release;
		};
		E62EF5F62923DDDE004D2E74 /* Build configuration list for PBXNativeTarget "PercentageTEAnp" */ = {
			isa = XCConfigurationList;
			buildConfigurations = (
				E62EF5F72923DDDE004D2E74 /* Debug */,
				E62EF5F82923DDDE004D2E74 /* Release */,
			);
			defaultConfigurationIsVisible = 0;
			defaultConfigurationName = Release;
		};
		E62EF5F92923DDDE004D2E74 /* Build configuration list for PBXNativeTarget "PercentageTEAnpTests" */ = {
			isa = XCConfigurationList;
			buildConfigurations = (
				E62EF5FA2923DDDE004D2E74 /* Debug */,
				E62EF5FB2923DDDE004D2E74 /* Release */,
			);
			defaultConfigurationIsVisible = 0;
			defaultConfigurationName = Release;
		};
		E62EF5FC2923DDDE004D2E74 /* Build configuration list for PBXNativeTarget "PercentageTEAnpUITests" */ = {
			isa = XCConfigurationList;
			buildConfigurations = (
				E62EF5FD2923DDDE004D2E74 /* Debug */,
				E62EF5FE2923DDDE004D2E74 /* Release */,
			);
			defaultConfigurationIsVisible = 0;
			defaultConfigurationName = Release;
		};
/* End XCConfigurationList section */
	};
	rootObject = E62EF5C42923DDDC004D2E74 /* Project object */;
}
